
Microsoft Visual Studio Solution File, Format Version 12.00
# Visual Studio 15
VisualStudioVersion = 15.0.28307.1433
MinimumVisualStudioVersion = 10.0.40219.1
Project("{FAE04EC0-301F-11D3-BF4B-00C04F79EFBC}") = "WebApplication1-MVC", "WebApplication1-MVC\WebApplication1-MVC.csproj", "{43C18A8B-1CAE-4141-B11B-B628265632B4}"
EndProject
Global
	GlobalSection(SolutionConfigurationPlatforms) = preSolution
		Debug|Any CPU = Debug|Any CPU
		Release|Any CPU = Release|Any CPU
	EndGlobalSection
	GlobalSection(ProjectConfigurationPlatforms) = postSolution
		{43C18A8B-1CAE-4141-B11B-B628265632B4}.Debug|Any CPU.ActiveCfg = Debug|Any CPU
		{43C18A8B-1CAE-4141-B11B-B628265632B4}.Debug|Any CPU.Build.0 = Debug|Any CPU
		{43C18A8B-1CAE-4141-B11B-B628265632B4}.Release|Any CPU.ActiveCfg = Release|Any CPU
		{43C18A8B-1CAE-4141-B11B-B628265632B4}.Release|Any CPU.Build.0 = Release|Any CPU
	EndGlobalSection
	GlobalSection(SolutionProperties) = preSolution
		HideSolutionNode = FALSE
	EndGlobalSection
	GlobalSection(ExtensibilityGlobals) = postSolution
		SolutionGuid = {E9341E24-AE34-45AD-9B8B-2B446A433F6D}
	EndGlobalSection
EndGlobal
