
Microsoft Visual Studio Solution File, Format Version 12.00
# Visual Studio 15
VisualStudioVersion = 15.0.28307.1433
MinimumVisualStudioVersion = 10.0.40219.1
Project("{FAE04EC0-301F-11D3-BF4B-00C04F79EFBC}") = "AJAX_MVC", "AJAX_MVC\AJAX_MVC.csproj", "{C127C5D7-C0D1-4AB6-BED6-690C06B1D2D5}"
EndProject
Global
	GlobalSection(SolutionConfigurationPlatforms) = preSolution
		Debug|Any CPU = Debug|Any CPU
		Release|Any CPU = Release|Any CPU
	EndGlobalSection
	GlobalSection(ProjectConfigurationPlatforms) = postSolution
		{C127C5D7-C0D1-4AB6-BED6-690C06B1D2D5}.Debug|Any CPU.ActiveCfg = Debug|Any CPU
		{C127C5D7-C0D1-4AB6-BED6-690C06B1D2D5}.Debug|Any CPU.Build.0 = Debug|Any CPU
		{C127C5D7-C0D1-4AB6-BED6-690C06B1D2D5}.Release|Any CPU.ActiveCfg = Release|Any CPU
		{C127C5D7-C0D1-4AB6-BED6-690C06B1D2D5}.Release|Any CPU.Build.0 = Release|Any CPU
	EndGlobalSection
	GlobalSection(SolutionProperties) = preSolution
		HideSolutionNode = FALSE
	EndGlobalSection
	GlobalSection(ExtensibilityGlobals) = postSolution
		SolutionGuid = {3632BEAC-7D41-4094-9A2B-92D25B082A3A}
	EndGlobalSection
EndGlobal
