
Microsoft Visual Studio Solution File, Format Version 12.00
# Visual Studio 15
VisualStudioVersion = 15.0.28307.1433
MinimumVisualStudioVersion = 10.0.40219.1
Project("{FAE04EC0-301F-11D3-BF4B-00C04F79EFBC}") = "WebApplication4-DatabaseFirst", "WebApplication4-DatabaseFirst\WebApplication4-DatabaseFirst.csproj", "{5FAEFEFF-8042-4B0D-8336-5EDCC852DE46}"
EndProject
Global
	GlobalSection(SolutionConfigurationPlatforms) = preSolution
		Debug|Any CPU = Debug|Any CPU
		Release|Any CPU = Release|Any CPU
	EndGlobalSection
	GlobalSection(ProjectConfigurationPlatforms) = postSolution
		{5FAEFEFF-8042-4B0D-8336-5EDCC852DE46}.Debug|Any CPU.ActiveCfg = Debug|Any CPU
		{5FAEFEFF-8042-4B0D-8336-5EDCC852DE46}.Debug|Any CPU.Build.0 = Debug|Any CPU
		{5FAEFEFF-8042-4B0D-8336-5EDCC852DE46}.Release|Any CPU.ActiveCfg = Release|Any CPU
		{5FAEFEFF-8042-4B0D-8336-5EDCC852DE46}.Release|Any CPU.Build.0 = Release|Any CPU
	EndGlobalSection
	GlobalSection(SolutionProperties) = preSolution
		HideSolutionNode = FALSE
	EndGlobalSection
	GlobalSection(ExtensibilityGlobals) = postSolution
		SolutionGuid = {DFE35832-E47F-43FB-B33B-442929F25AE5}
	EndGlobalSection
EndGlobal
