
Microsoft Visual Studio Solution File, Format Version 12.00
# Visual Studio 15
VisualStudioVersion = 15.0.28307.1433
MinimumVisualStudioVersion = 10.0.40219.1
Project("{FAE04EC0-301F-11D3-BF4B-00C04F79EFBC}") = "AuthenticationFilter_MVC", "AuthenticationFilter_MVC\AuthenticationFilter_MVC.csproj", "{FEF85015-A813-40E3-AD67-00EBE08DBC80}"
EndProject
Global
	GlobalSection(SolutionConfigurationPlatforms) = preSolution
		Debug|Any CPU = Debug|Any CPU
		Release|Any CPU = Release|Any CPU
	EndGlobalSection
	GlobalSection(ProjectConfigurationPlatforms) = postSolution
		{FEF85015-A813-40E3-AD67-00EBE08DBC80}.Debug|Any CPU.ActiveCfg = Debug|Any CPU
		{FEF85015-A813-40E3-AD67-00EBE08DBC80}.Debug|Any CPU.Build.0 = Debug|Any CPU
		{FEF85015-A813-40E3-AD67-00EBE08DBC80}.Release|Any CPU.ActiveCfg = Release|Any CPU
		{FEF85015-A813-40E3-AD67-00EBE08DBC80}.Release|Any CPU.Build.0 = Release|Any CPU
	EndGlobalSection
	GlobalSection(SolutionProperties) = preSolution
		HideSolutionNode = FALSE
	EndGlobalSection
	GlobalSection(ExtensibilityGlobals) = postSolution
		SolutionGuid = {41440E02-ED4D-499B-9708-2AA1D08C7E0D}
	EndGlobalSection
EndGlobal
